# This file is automatically @generated by Cargo.
# It is not intended for manual editing.
version = 3

[[package]]
name = "env"
version = "0.1.0"
source = "git+https://github.com/sugarflowers/env.git#5a5c0ec615c78401300b1faeef2a40be711ef8d9"

[[package]]
name = "pathobj"
version = "0.2.0"
dependencies = [
 "env",
]
